
Microsoft Visual Studio Solution File, Format Version 12.00
# Visual Studio Version 17
VisualStudioVersion = 17.4.33122.133
MinimumVisualStudioVersion = 10.0.40219.1
Project("{9A19103F-16F7-4668-BE54-9A1E7A4F7556}") = "SampleAPI.MediatR", "src\SampleAPI.MediatR\SampleAPI.MediatR.csproj", "{A0564B0E-2952-4FA2-BD47-D4D4B1340846}"
EndProject
Project("{FAE04EC0-301F-11D3-BF4B-00C04F79EFBC}") = "SampleAPI.MediatR.DataAccessLayer", "src\SampleAPI.MediatR.DataAccessLayer\SampleAPI.MediatR.DataAccessLayer.csproj", "{FD2050FE-E8F8-4F7F-9F0A-00D609E34996}"
EndProject
Project("{FAE04EC0-301F-11D3-BF4B-00C04F79EFBC}") = "SampleAPI.MediatR.Shared", "src\SampleAPI.MediatR.Shared\SampleAPI.MediatR.Shared.csproj", "{55A305AB-4FEA-479F-9366-5E7AB121EA8D}"
EndProject
Project("{FAE04EC0-301F-11D3-BF4B-00C04F79EFBC}") = "SampleAPI.MediatR.BusinessLayer", "src\SampleAPI.MediatR.BusinessLayer\SampleAPI.MediatR.BusinessLayer.csproj", "{BA68AD77-6A81-4DCC-BC2D-0E210E42A054}"
EndProject
Global
	GlobalSection(SolutionConfigurationPlatforms) = preSolution
		Debug|Any CPU = Debug|Any CPU
		Release|Any CPU = Release|Any CPU
	EndGlobalSection
	GlobalSection(ProjectConfigurationPlatforms) = postSolution
		{A0564B0E-2952-4FA2-BD47-D4D4B1340846}.Debug|Any CPU.ActiveCfg = Debug|Any CPU
		{A0564B0E-2952-4FA2-BD47-D4D4B1340846}.Debug|Any CPU.Build.0 = Debug|Any CPU
		{A0564B0E-2952-4FA2-BD47-D4D4B1340846}.Release|Any CPU.ActiveCfg = Release|Any CPU
		{A0564B0E-2952-4FA2-BD47-D4D4B1340846}.Release|Any CPU.Build.0 = Release|Any CPU
		{FD2050FE-E8F8-4F7F-9F0A-00D609E34996}.Debug|Any CPU.ActiveCfg = Debug|Any CPU
		{FD2050FE-E8F8-4F7F-9F0A-00D609E34996}.Debug|Any CPU.Build.0 = Debug|Any CPU
		{FD2050FE-E8F8-4F7F-9F0A-00D609E34996}.Release|Any CPU.ActiveCfg = Release|Any CPU
		{FD2050FE-E8F8-4F7F-9F0A-00D609E34996}.Release|Any CPU.Build.0 = Release|Any CPU
		{55A305AB-4FEA-479F-9366-5E7AB121EA8D}.Debug|Any CPU.ActiveCfg = Debug|Any CPU
		{55A305AB-4FEA-479F-9366-5E7AB121EA8D}.Debug|Any CPU.Build.0 = Debug|Any CPU
		{55A305AB-4FEA-479F-9366-5E7AB121EA8D}.Release|Any CPU.ActiveCfg = Release|Any CPU
		{55A305AB-4FEA-479F-9366-5E7AB121EA8D}.Release|Any CPU.Build.0 = Release|Any CPU
		{BA68AD77-6A81-4DCC-BC2D-0E210E42A054}.Debug|Any CPU.ActiveCfg = Debug|Any CPU
		{BA68AD77-6A81-4DCC-BC2D-0E210E42A054}.Debug|Any CPU.Build.0 = Debug|Any CPU
		{BA68AD77-6A81-4DCC-BC2D-0E210E42A054}.Release|Any CPU.ActiveCfg = Release|Any CPU
		{BA68AD77-6A81-4DCC-BC2D-0E210E42A054}.Release|Any CPU.Build.0 = Release|Any CPU
	EndGlobalSection
	GlobalSection(SolutionProperties) = preSolution
		HideSolutionNode = FALSE
	EndGlobalSection
	GlobalSection(ExtensibilityGlobals) = postSolution
		SolutionGuid = {88ED8530-AADC-42C5-9EBA-6FE125CAACA1}
	EndGlobalSection
EndGlobal
